hash: 42a58a4c981968abb2ab28571b7eb8059d405b6fc87b0a889d6b489fa60a12bd
updated: 2017-09-26T10:54:27.499851-07:00
imports:
- name: github.com/Azure/draft
  version: edbe31a32408e3e30352dbc6e1f4bbed9753e896
  repo: https://github.com/bacongobbler/draft
  subpackages:
  - pkg/draft/draftpath
  - pkg/draft/pack/repo
  - pkg/draft/pack/repo/installer
  - pkg/plugin
  - pkg/plugin/installer
  - pkg/version
- name: github.com/inconshreveable/mousetrap
  version: 76626ae9c91c4f2a10f34cad8ce83ea42c93bb75
- name: github.com/Masterminds/semver
  version: 3f0ab6d4ab4bed1c61caf056b63a6e62190c7801
- name: github.com/Masterminds/vcs
  version: 6f1c6d150500e452704e9863f68c2559f58616bf
- name: github.com/Sirupsen/logrus
  version: ba1b36c82c5e05c4f912a88eab0dcd91a171688f
- name: github.com/spf13/cobra
  version: f62e98d28ab7ad31d707ba837a966378465c7b57
- name: github.com/spf13/pflag
  version: 9ff6c6923cfffbcd502984b8e0c80539a94968b7
- name: golang.org/x/sys
  version: 8f0908ab3b2457e2e15403d3697c9ef5cb4b57a9
  subpackages:
  - unix
- name: k8s.io/helm
  version: 7cf31e8d9a026287041bae077b09165be247ae66
  subpackages:
  - pkg/plugin/cache
testImports: []
