hash: 9c7b38799aa8fc57e83b50dbe0ac712f0e9ad2db71dde99397d87d1bacc7bae1
updated: 2017-09-22T13:25:28.247054846-07:00
imports:
- name: github.com/Azure/draft
  version: 7868c8b105a2ab69bd7624072b38eb43a5781f7e
  repo: https://github.com/bacongobbler/draft
  subpackages:
  - pkg/draft/draftpath
  - pkg/draft/pack/repo
  - pkg/draft/pack/repo/installer
  - pkg/plugin
  - pkg/plugin/installer
  - pkg/version
- name: github.com/inconshreveable/mousetrap
  version: 76626ae9c91c4f2a10f34cad8ce83ea42c93bb75
- name: github.com/Masterminds/semver
  version: 3f0ab6d4ab4bed1c61caf056b63a6e62190c7801
- name: github.com/Masterminds/vcs
  version: 6f1c6d150500e452704e9863f68c2559f58616bf
- name: github.com/Sirupsen/logrus
  version: ba1b36c82c5e05c4f912a88eab0dcd91a171688f
- name: github.com/spf13/cobra
  version: f62e98d28ab7ad31d707ba837a966378465c7b57
- name: github.com/spf13/pflag
  version: 9ff6c6923cfffbcd502984b8e0c80539a94968b7
- name: golang.org/x/sys
  version: 8f0908ab3b2457e2e15403d3697c9ef5cb4b57a9
  subpackages:
  - unix
- name: k8s.io/helm
  version: 7cf31e8d9a026287041bae077b09165be247ae66
  subpackages:
  - pkg/plugin/cache
testImports: []
