hash: 32c75acfc8ed20552f5e8349ef368bcf0fd6dbb2b63b53b51080f12cab46833b
updated: 2017-09-26T16:25:34.475404-07:00
imports:
- name: github.com/Azure/draft
  version: 9671eb74eb03235c559f24c8ef6601e12c9428b5
  repo: https://github.com/bacongobbler/draft
  subpackages:
  - pkg/draft/draftpath
  - pkg/draft/pack/repo
  - pkg/draft/pack/repo/installer
  - pkg/plugin
  - pkg/plugin/installer
  - pkg/version
- name: github.com/inconshreveable/mousetrap
  version: 76626ae9c91c4f2a10f34cad8ce83ea42c93bb75
- name: github.com/Masterminds/semver
  version: 517734cc7d6470c0d07130e40fd40bdeb9bcd3fd
- name: github.com/Masterminds/vcs
  version: 6f1c6d150500e452704e9863f68c2559f58616bf
- name: github.com/Sirupsen/logrus
  version: 89742aefa4b206dcf400792f3bd35b542998eb3b
- name: github.com/spf13/cobra
  version: b78744579491c1ceeaaa3b40205e56b0591b93a3
- name: github.com/spf13/pflag
  version: 7aff26db30c1be810f9de5038ec5ef96ac41fd7c
- name: golang.org/x/crypto
  version: 847319b7fc94cab682988f93da778204da164588
  subpackages:
  - ssh/terminal
- name: golang.org/x/sys
  version: 429f518978ab01db8bb6f44b66785088e7fba58b
  subpackages:
  - unix
  - windows
- name: k8s.io/helm
  version: 7cf31e8d9a026287041bae077b09165be247ae66
  subpackages:
  - pkg/plugin/cache
testImports: []
