# This file is autogenerated, do not edit; changes may be undone by the next 'dep ensure'.


[[projects]]
  branch = "pack-repo"
  name = "github.com/Azure/draft"
  packages = ["pkg/draft/draftpath","pkg/draft/pack/repo","pkg/draft/pack/repo/installer","pkg/plugin","pkg/plugin/installer","pkg/version"]
  revision = "db2141616fade710879334658af846c319014e62"
  source = "https://github.com/bacongobbler/draft"

[[projects]]
  name = "github.com/Masterminds/semver"
  packages = ["."]
  revision = "517734cc7d6470c0d07130e40fd40bdeb9bcd3fd"
  version = "v1.3.1"

[[projects]]
  name = "github.com/Masterminds/vcs"
  packages = ["."]
  revision = "6f1c6d150500e452704e9863f68c2559f58616bf"
  version = "v1.12.0"

[[projects]]
  branch = "master"
  name = "github.com/Sirupsen/logrus"
  packages = ["."]
  revision = "89742aefa4b206dcf400792f3bd35b542998eb3b"

[[projects]]
  name = "github.com/inconshreveable/mousetrap"
  packages = ["."]
  revision = "76626ae9c91c4f2a10f34cad8ce83ea42c93bb75"
  version = "v1.0"

[[projects]]
  name = "github.com/spf13/cobra"
  packages = ["."]
  revision = "b78744579491c1ceeaaa3b40205e56b0591b93a3"

[[projects]]
  name = "github.com/spf13/pflag"
  packages = ["."]
  revision = "7aff26db30c1be810f9de5038ec5ef96ac41fd7c"

[[projects]]
  name = "golang.org/x/crypto"
  packages = ["ssh/terminal"]
  revision = "847319b7fc94cab682988f93da778204da164588"

[[projects]]
  name = "golang.org/x/sys"
  packages = ["unix","windows"]
  revision = "429f518978ab01db8bb6f44b66785088e7fba58b"

[[projects]]
  name = "k8s.io/helm"
  packages = ["pkg/plugin/cache"]
  revision = "7cf31e8d9a026287041bae077b09165be247ae66"
  version = "v2.5.1"

[solve-meta]
  analyzer-name = "dep"
  analyzer-version = 1
  inputs-digest = "ee538e0f419f0d5c0384e7933c7ef569c2447f820f35ad8699ec816697fe4a4b"
  solver-name = "gps-cdcl"
  solver-version = 1
